
Microsoft Visual Studio Solution File, Format Version 12.00
# Visual Studio 15
VisualStudioVersion = 15.0.28010.2026
MinimumVisualStudioVersion = 10.0.40219.1
Project("{FAE04EC0-301F-11D3-BF4B-00C04F79EFBC}") = "PPTReg", "PPTReg\PPTReg.csproj", "{D7121716-E151-42D6-920D-27F4B1E86C25}"
EndProject
Project("{FAE04EC0-301F-11D3-BF4B-00C04F79EFBC}") = "PPSReg", "PPSReg\PPSReg.csproj", "{21840A32-FF12-4AC3-BE3C-EE4CEF01E3C0}"
EndProject
Global
	GlobalSection(SolutionConfigurationPlatforms) = preSolution
		Debug|Any CPU = Debug|Any CPU
		Release|Any CPU = Release|Any CPU
	EndGlobalSection
	GlobalSection(ProjectConfigurationPlatforms) = postSolution
		{D7121716-E151-42D6-920D-27F4B1E86C25}.Debug|Any CPU.ActiveCfg = Debug|Any CPU
		{D7121716-E151-42D6-920D-27F4B1E86C25}.Debug|Any CPU.Build.0 = Debug|Any CPU
		{D7121716-E151-42D6-920D-27F4B1E86C25}.Release|Any CPU.ActiveCfg = Release|Any CPU
		{D7121716-E151-42D6-920D-27F4B1E86C25}.Release|Any CPU.Build.0 = Release|Any CPU
		{21840A32-FF12-4AC3-BE3C-EE4CEF01E3C0}.Debug|Any CPU.ActiveCfg = Debug|Any CPU
		{21840A32-FF12-4AC3-BE3C-EE4CEF01E3C0}.Debug|Any CPU.Build.0 = Debug|Any CPU
		{21840A32-FF12-4AC3-BE3C-EE4CEF01E3C0}.Release|Any CPU.ActiveCfg = Release|Any CPU
		{21840A32-FF12-4AC3-BE3C-EE4CEF01E3C0}.Release|Any CPU.Build.0 = Release|Any CPU
	EndGlobalSection
	GlobalSection(SolutionProperties) = preSolution
		HideSolutionNode = FALSE
	EndGlobalSection
	GlobalSection(ExtensibilityGlobals) = postSolution
		SolutionGuid = {2B7D20D7-96F2-48C6-AA9F-A297C967D897}
	EndGlobalSection
EndGlobal
